{
  "name": "react2shell-vulnerable-fixture",
  "version": "1.0.0",
  "lockfileVersion": 3,
  "requires": true,
  "packages": {
    "": {
      "name": "react2shell-vulnerable-fixture",
      "version": "1.0.0",
      "dependencies": {
        "next": "14.2.10",
        "react": "19.0.0-rc",
        "react-server-dom-webpack": "19.0.0-rc"
      }
    },
    "node_modules/next": {
      "version": "14.2.10"
    },
    "node_modules/react": {
      "version": "19.0.0-rc"
    },
    "node_modules/react-server-dom-webpack": {
      "version": "19.0.0-rc"
    }
  }
}